
Microsoft Visual Studio Solution File, Format Version 12.00
# Visual Studio 2013
VisualStudioVersion = 12.0.30501.0
MinimumVisualStudioVersion = 10.0.40219.1
Project("{FAE04EC0-301F-11D3-BF4B-00C04F79EFBC}") = "ExperienceInfo", "ExperienceInfo\ExperienceInfo.csproj", "{8E09F6E0-5BE3-474B-BACE-47F700284AA6}"
EndProject
Project("{FAE04EC0-301F-11D3-BF4B-00C04F79EFBC}") = "DAL", "DAL\DAL.csproj", "{A6527185-FEAC-49F3-AE8E-C87E7F632891}"
EndProject
Project("{FAE04EC0-301F-11D3-BF4B-00C04F79EFBC}") = "DataContract", "BL\DataContract.csproj", "{C7D15FC1-38F3-4A1A-A114-38E9AD9D3FBE}"
EndProject
Project("{FAE04EC0-301F-11D3-BF4B-00C04F79EFBC}") = "ExperienceInfo.Test", "ExperienceInfo.Test\ExperienceInfo.Test.csproj", "{13646B7B-C9AB-4DAD-906D-C2CFBA55B28A}"
EndProject
Project("{CC5FD16D-436D-48AD-A40C-5A424C6E3E79}") = "ACloude", "ACloude\ACloude.ccproj", "{D7A73687-47E9-4774-B355-0478D67A15A2}"
EndProject
Project("{FAE04EC0-301F-11D3-BF4B-00C04F79EFBC}") = "WorkerRoleWithSBQueue", "WorkerRoleWithSBQueue\WorkerRoleWithSBQueue.csproj", "{F0DC053E-07BB-4C98-B38C-07AE5E896B83}"
EndProject
Project("{2150E333-8FDC-42A3-9474-1A3956D46DE8}") = ".nuget", ".nuget", "{8BC451FA-7442-4B53-B56C-648F3F48A63A}"
	ProjectSection(SolutionItems) = preProject
		.nuget\NuGet.Config = .nuget\NuGet.Config
		.nuget\NuGet.exe = .nuget\NuGet.exe
		.nuget\NuGet.targets = .nuget\NuGet.targets
	EndProjectSection
EndProject
Project("{FAE04EC0-301F-11D3-BF4B-00C04F79EFBC}") = "WorkerRoleA", "WorkerRoleA\WorkerRoleA.csproj", "{A362FF64-E9B3-4FEC-9D92-1D87D6941041}"
EndProject
Global
	GlobalSection(SolutionConfigurationPlatforms) = preSolution
		Debug|Any CPU = Debug|Any CPU
		Release|Any CPU = Release|Any CPU
	EndGlobalSection
	GlobalSection(ProjectConfigurationPlatforms) = postSolution
		{8E09F6E0-5BE3-474B-BACE-47F700284AA6}.Debug|Any CPU.ActiveCfg = Debug|Any CPU
		{8E09F6E0-5BE3-474B-BACE-47F700284AA6}.Debug|Any CPU.Build.0 = Debug|Any CPU
		{8E09F6E0-5BE3-474B-BACE-47F700284AA6}.Release|Any CPU.ActiveCfg = Release|Any CPU
		{8E09F6E0-5BE3-474B-BACE-47F700284AA6}.Release|Any CPU.Build.0 = Release|Any CPU
		{A6527185-FEAC-49F3-AE8E-C87E7F632891}.Debug|Any CPU.ActiveCfg = Debug|Any CPU
		{A6527185-FEAC-49F3-AE8E-C87E7F632891}.Debug|Any CPU.Build.0 = Debug|Any CPU
		{A6527185-FEAC-49F3-AE8E-C87E7F632891}.Release|Any CPU.ActiveCfg = Release|Any CPU
		{A6527185-FEAC-49F3-AE8E-C87E7F632891}.Release|Any CPU.Build.0 = Release|Any CPU
		{C7D15FC1-38F3-4A1A-A114-38E9AD9D3FBE}.Debug|Any CPU.ActiveCfg = Debug|Any CPU
		{C7D15FC1-38F3-4A1A-A114-38E9AD9D3FBE}.Debug|Any CPU.Build.0 = Debug|Any CPU
		{C7D15FC1-38F3-4A1A-A114-38E9AD9D3FBE}.Release|Any CPU.ActiveCfg = Release|Any CPU
		{C7D15FC1-38F3-4A1A-A114-38E9AD9D3FBE}.Release|Any CPU.Build.0 = Release|Any CPU
		{13646B7B-C9AB-4DAD-906D-C2CFBA55B28A}.Debug|Any CPU.ActiveCfg = Debug|Any CPU
		{13646B7B-C9AB-4DAD-906D-C2CFBA55B28A}.Debug|Any CPU.Build.0 = Debug|Any CPU
		{13646B7B-C9AB-4DAD-906D-C2CFBA55B28A}.Release|Any CPU.ActiveCfg = Release|Any CPU
		{13646B7B-C9AB-4DAD-906D-C2CFBA55B28A}.Release|Any CPU.Build.0 = Release|Any CPU
		{D7A73687-47E9-4774-B355-0478D67A15A2}.Debug|Any CPU.ActiveCfg = Debug|Any CPU
		{D7A73687-47E9-4774-B355-0478D67A15A2}.Debug|Any CPU.Build.0 = Debug|Any CPU
		{D7A73687-47E9-4774-B355-0478D67A15A2}.Release|Any CPU.ActiveCfg = Release|Any CPU
		{D7A73687-47E9-4774-B355-0478D67A15A2}.Release|Any CPU.Build.0 = Release|Any CPU
		{F0DC053E-07BB-4C98-B38C-07AE5E896B83}.Debug|Any CPU.ActiveCfg = Debug|Any CPU
		{F0DC053E-07BB-4C98-B38C-07AE5E896B83}.Debug|Any CPU.Build.0 = Debug|Any CPU
		{F0DC053E-07BB-4C98-B38C-07AE5E896B83}.Release|Any CPU.ActiveCfg = Release|Any CPU
		{F0DC053E-07BB-4C98-B38C-07AE5E896B83}.Release|Any CPU.Build.0 = Release|Any CPU
		{A362FF64-E9B3-4FEC-9D92-1D87D6941041}.Debug|Any CPU.ActiveCfg = Debug|Any CPU
		{A362FF64-E9B3-4FEC-9D92-1D87D6941041}.Debug|Any CPU.Build.0 = Debug|Any CPU
		{A362FF64-E9B3-4FEC-9D92-1D87D6941041}.Release|Any CPU.ActiveCfg = Release|Any CPU
		{A362FF64-E9B3-4FEC-9D92-1D87D6941041}.Release|Any CPU.Build.0 = Release|Any CPU
	EndGlobalSection
	GlobalSection(SolutionProperties) = preSolution
		HideSolutionNode = FALSE
	EndGlobalSection
EndGlobal
